
Microsoft Visual Studio Solution File, Format Version 12.00
# Visual Studio Version 17
VisualStudioVersion = 17.11.35303.130
MinimumVisualStudioVersion = 10.0.40219.1
Project("{FAE04EC0-301F-11D3-BF4B-00C04F79EFBC}") = "PristupacneAktivnosti", "PristupacneAktivnosti\PristupacneAktivnosti.csproj", "{9DBB500D-B24E-4FFC-8050-2B8B22C9D288}"
EndProject
Global
	GlobalSection(SolutionConfigurationPlatforms) = preSolution
		Debug|Any CPU = Debug|Any CPU
		Release|Any CPU = Release|Any CPU
	EndGlobalSection
	GlobalSection(ProjectConfigurationPlatforms) = postSolution
		{9DBB500D-B24E-4FFC-8050-2B8B22C9D288}.Debug|Any CPU.ActiveCfg = Debug|Any CPU
		{9DBB500D-B24E-4FFC-8050-2B8B22C9D288}.Debug|Any CPU.Build.0 = Debug|Any CPU
		{9DBB500D-B24E-4FFC-8050-2B8B22C9D288}.Release|Any CPU.ActiveCfg = Release|Any CPU
		{9DBB500D-B24E-4FFC-8050-2B8B22C9D288}.Release|Any CPU.Build.0 = Release|Any CPU
	EndGlobalSection
	GlobalSection(SolutionProperties) = preSolution
		HideSolutionNode = FALSE
	EndGlobalSection
	GlobalSection(ExtensibilityGlobals) = postSolution
		SolutionGuid = {7D666598-B2F8-4F41-BD42-CDF434855CEA}
	EndGlobalSection
EndGlobal
